// !$*UTF8*$!
{
	archiveVersion = 1;
	classes = {
	};
	objectVersion = 51;
	objects = {

/* Begin PBXBuildFile section */
		176EAB652427B55B005217CA /* GeoFunctions.swift in Sources */ = {isa = PBXBuildFile; fileRef = 176EAB642427B55B005217CA /* GeoFunctions.swift */; };
		6153C60D242B7E020082CE9B /* Errors.swift in Sources */ = {isa = PBXBuildFile; fileRef = 6153C60C242B7E020082CE9B /* Errors.swift */; };
		616BE9E5242771AD00F59B41 /* GoogleService-Info.plist in Resources */ = {isa = PBXBuildFile; fileRef = 616BE9E4242771AD00F59B41 /* GoogleService-Info.plist */; };
		616BE9FA2427B7CB00F59B41 /* AccountService.swift in Sources */ = {isa = PBXBuildFile; fileRef = 616BE9F92427B7CB00F59B41 /* AccountService.swift */; };
		616BE9FC2427E32600F59B41 /* User.swift in Sources */ = {isa = PBXBuildFile; fileRef = 616BE9FB2427E32600F59B41 /* User.swift */; };
		77DF8F22245638440092E127 /* Localizable.strings in Resources */ = {isa = PBXBuildFile; fileRef = 77DF8F24245638440092E127 /* Localizable.strings */; };
		77E9FE2161563F52C9E27A16 /* Pods_Machbarschaft.framework in Frameworks */ = {isa = PBXBuildFile; fileRef = 8A35D0A378E669E70D2447EA /* Pods_Machbarschaft.framework */; };
		88082CEA2427C70E00DFD022 /* MainViewController.swift in Sources */ = {isa = PBXBuildFile; fileRef = 88082CE92427C70E00DFD022 /* MainViewController.swift */; };
		88082CEC24281B9300DFD022 /* JobSummaryViewController.swift in Sources */ = {isa = PBXBuildFile; fileRef = 88082CEB24281B9300DFD022 /* JobSummaryViewController.swift */; };
		88082CEF24281BF800DFD022 /* JobStep1ViewController.swift in Sources */ = {isa = PBXBuildFile; fileRef = 88082CEE24281BF800DFD022 /* JobStep1ViewController.swift */; };
		88082CF1242821D800DFD022 /* JobStep2ViewController.swift in Sources */ = {isa = PBXBuildFile; fileRef = 88082CF0242821D800DFD022 /* JobStep2ViewController.swift */; };
		88082CF32428267F00DFD022 /* JobStep3ViewController.swift in Sources */ = {isa = PBXBuildFile; fileRef = 88082CF22428267F00DFD022 /* JobStep3ViewController.swift */; };
		88082CF5242827E500DFD022 /* JobCompletedViewController.swift in Sources */ = {isa = PBXBuildFile; fileRef = 88082CF4242827E500DFD022 /* JobCompletedViewController.swift */; };
		88A50D1A24353A5300048732 /* Images.xcassets in Resources */ = {isa = PBXBuildFile; fileRef = 88A50D1924353A5300048732 /* Images.xcassets */; };
		88A50D1D24353DBA00048732 /* PrimaryButton.swift in Sources */ = {isa = PBXBuildFile; fileRef = 88A50D1B24353DBA00048732 /* PrimaryButton.swift */; };
		88A50D1E24353DBA00048732 /* Button.swift in Sources */ = {isa = PBXBuildFile; fileRef = 88A50D1C24353DBA00048732 /* Button.swift */; };
		88BF97E62427896C005D8C23 /* LoginStep1ViewController.swift in Sources */ = {isa = PBXBuildFile; fileRef = 88BF97E52427896C005D8C23 /* LoginStep1ViewController.swift */; };
		88BF97E824278B16005D8C23 /* Icons.xcassets in Resources */ = {isa = PBXBuildFile; fileRef = 88BF97E724278B16005D8C23 /* Icons.xcassets */; };
		88BF97EA24278ED2005D8C23 /* LoginStep2ViewController.swift in Sources */ = {isa = PBXBuildFile; fileRef = 88BF97E924278ED2005D8C23 /* LoginStep2ViewController.swift */; };
		88BF97EC24278EE4005D8C23 /* LoginStep3ViewController.swift in Sources */ = {isa = PBXBuildFile; fileRef = 88BF97EB24278EE4005D8C23 /* LoginStep3ViewController.swift */; };
		88BF97EF24279D0D005D8C23 /* (null) in Sources */ = {isa = PBXBuildFile; };
		88BF97F12427A578005D8C23 /* Colors.xcassets in Resources */ = {isa = PBXBuildFile; fileRef = 88BF97F02427A578005D8C23 /* Colors.xcassets */; };
		88BF97F32427A79D005D8C23 /* JobsTableViewController.swift in Sources */ = {isa = PBXBuildFile; fileRef = 88BF97F22427A79D005D8C23 /* JobsTableViewController.swift */; };
		88BF97F62427A875005D8C23 /* SimplePicker.swift in Sources */ = {isa = PBXBuildFile; fileRef = 88BF97F52427A875005D8C23 /* SimplePicker.swift */; };
		88BF97F92427A89A005D8C23 /* Other.storyboard in Resources */ = {isa = PBXBuildFile; fileRef = 88BF97F72427A89A005D8C23 /* Other.storyboard */; };
		88BF97FB2427AAFE005D8C23 /* Extensions.swift in Sources */ = {isa = PBXBuildFile; fileRef = 88BF97FA2427AAFE005D8C23 /* Extensions.swift */; };
		88BF97FD2427AE40005D8C23 /* area-codes.json in Resources */ = {isa = PBXBuildFile; fileRef = 88BF97FC2427AE40005D8C23 /* area-codes.json */; };
		88BF97FF2427AECA005D8C23 /* AreaCode.swift in Sources */ = {isa = PBXBuildFile; fileRef = 88BF97FE2427AECA005D8C23 /* AreaCode.swift */; };
		88EA564D242762F50070B407 /* AppDelegate.swift in Sources */ = {isa = PBXBuildFile; fileRef = 88EA564C242762F50070B407 /* AppDelegate.swift */; };
		88EA564F242762F50070B407 /* SceneDelegate.swift in Sources */ = {isa = PBXBuildFile; fileRef = 88EA564E242762F50070B407 /* SceneDelegate.swift */; };
		88EA5651242762F50070B407 /* MapViewController.swift in Sources */ = {isa = PBXBuildFile; fileRef = 88EA5650242762F50070B407 /* MapViewController.swift */; };
		88EA5654242762F50070B407 /* Main.storyboard in Resources */ = {isa = PBXBuildFile; fileRef = 88EA5652242762F50070B407 /* Main.storyboard */; };
		88EA5656242762F60070B407 /* Assets.xcassets in Resources */ = {isa = PBXBuildFile; fileRef = 88EA5655242762F60070B407 /* Assets.xcassets */; };
		88EA5659242762F60070B407 /* LaunchScreen.storyboard in Resources */ = {isa = PBXBuildFile; fileRef = 88EA5657242762F60070B407 /* LaunchScreen.storyboard */; };
		88EA56622427640B0070B407 /* Login.storyboard in Resources */ = {isa = PBXBuildFile; fileRef = 88EA56602427640B0070B407 /* Login.storyboard */; };
		D50096A3245DD2010083F224 /* LoginStep1PageViewController.swift in Sources */ = {isa = PBXBuildFile; fileRef = D50096A2245DD2010083F224 /* LoginStep1PageViewController.swift */; };
		D503A40124657C1C0058690F /* LocationHelper.swift in Sources */ = {isa = PBXBuildFile; fileRef = D503A40024657C1C0058690F /* LocationHelper.swift */; };
		D5A375E124668AE90040428F /* LoadingView.swift in Sources */ = {isa = PBXBuildFile; fileRef = D5A375E024668AE90040428F /* LoadingView.swift */; };
		D5B9D570245A958E005A00CE /* ConnectionHandler.swift in Sources */ = {isa = PBXBuildFile; fileRef = D5B9D56F245A958E005A00CE /* ConnectionHandler.swift */; };
		D5B9D572245AA07A005A00CE /* NoConnectionView.swift in Sources */ = {isa = PBXBuildFile; fileRef = D5B9D571245AA07A005A00CE /* NoConnectionView.swift */; };
		D5D7F0AC245EAC67002D3C53 /* PhoneNumberUtils.swift in Sources */ = {isa = PBXBuildFile; fileRef = D5D7F0AB245EAC67002D3C53 /* PhoneNumberUtils.swift */; };
		E1210C5224279E5300579C67 /* Job.swift in Sources */ = {isa = PBXBuildFile; fileRef = E1210C5124279E5300579C67 /* Job.swift */; };
		E1B567002427D7DE008658D9 /* JobService.swift in Sources */ = {isa = PBXBuildFile; fileRef = E1B566FF2427D7DE008658D9 /* JobService.swift */; };
		E1D883202437C60D00AC3AD5 /* SuperViewController.swift in Sources */ = {isa = PBXBuildFile; fileRef = E1D8831F2437C60D00AC3AD5 /* SuperViewController.swift */; };
/* End PBXBuildFile section */

/* Begin PBXFileReference section */
		176EAB642427B55B005217CA /* GeoFunctions.swift */ = {isa = PBXFileReference; fileEncoding = 4; lastKnownFileType = sourcecode.swift; path = GeoFunctions.swift; sourceTree = "<group>"; };
		59FD68C167CB7CA1E349B433 /* Pods-Machbarschaft.release.xcconfig */ = {isa = PBXFileReference; includeInIndex = 1; lastKnownFileType = text.xcconfig; name = "Pods-Machbarschaft.release.xcconfig"; path = "Target Support Files/Pods-Machbarschaft/Pods-Machbarschaft.release.xcconfig"; sourceTree = "<group>"; };
		6153C60C242B7E020082CE9B /* Errors.swift */ = {isa = PBXFileReference; lastKnownFileType = sourcecode.swift; path = Errors.swift; sourceTree = "<group>"; };
		616BE9E4242771AD00F59B41 /* GoogleService-Info.plist */ = {isa = PBXFileReference; fileEncoding = 4; lastKnownFileType = text.plist.xml; path = "GoogleService-Info.plist"; sourceTree = "<group>"; };
		616BE9F92427B7CB00F59B41 /* AccountService.swift */ = {isa = PBXFileReference; lastKnownFileType = sourcecode.swift; path = AccountService.swift; sourceTree = "<group>"; };
		616BE9FB2427E32600F59B41 /* User.swift */ = {isa = PBXFileReference; lastKnownFileType = sourcecode.swift; path = User.swift; sourceTree = "<group>"; };
		77DF8F1C24562DD70092E127 /* en */ = {isa = PBXFileReference; lastKnownFileType = text.plist.strings; name = en; path = en.lproj/LaunchScreen.strings; sourceTree = "<group>"; };
		77DF8F1D24562DD70092E127 /* en */ = {isa = PBXFileReference; lastKnownFileType = text.plist.strings; name = en; path = en.lproj/Main.strings; sourceTree = "<group>"; };
		77DF8F1F24562DD90092E127 /* en */ = {isa = PBXFileReference; lastKnownFileType = text.plist.strings; name = en; path = en.lproj/Other.strings; sourceTree = "<group>"; };
		77DF8F23245638440092E127 /* de */ = {isa = PBXFileReference; lastKnownFileType = text.plist.strings; name = de; path = de.lproj/Localizable.strings; sourceTree = "<group>"; };
		77DF8F2524563DD40092E127 /* en */ = {isa = PBXFileReference; lastKnownFileType = text.plist.strings; name = en; path = en.lproj/Localizable.strings; sourceTree = "<group>"; };
		77DF8F2724564ED10092E127 /* en */ = {isa = PBXFileReference; lastKnownFileType = text.plist.strings; name = en; path = en.lproj/Login.strings; sourceTree = "<group>"; };
		88082CE92427C70E00DFD022 /* MainViewController.swift */ = {isa = PBXFileReference; lastKnownFileType = sourcecode.swift; path = MainViewController.swift; sourceTree = "<group>"; };
		88082CEB24281B9300DFD022 /* JobSummaryViewController.swift */ = {isa = PBXFileReference; lastKnownFileType = sourcecode.swift; path = JobSummaryViewController.swift; sourceTree = "<group>"; };
		88082CEE24281BF800DFD022 /* JobStep1ViewController.swift */ = {isa = PBXFileReference; lastKnownFileType = sourcecode.swift; path = JobStep1ViewController.swift; sourceTree = "<group>"; };
		88082CF0242821D800DFD022 /* JobStep2ViewController.swift */ = {isa = PBXFileReference; lastKnownFileType = sourcecode.swift; path = JobStep2ViewController.swift; sourceTree = "<group>"; };
		88082CF22428267F00DFD022 /* JobStep3ViewController.swift */ = {isa = PBXFileReference; lastKnownFileType = sourcecode.swift; path = JobStep3ViewController.swift; sourceTree = "<group>"; };
		88082CF4242827E500DFD022 /* JobCompletedViewController.swift */ = {isa = PBXFileReference; lastKnownFileType = sourcecode.swift; path = JobCompletedViewController.swift; sourceTree = "<group>"; };
		88A50D1924353A5300048732 /* Images.xcassets */ = {isa = PBXFileReference; lastKnownFileType = folder.assetcatalog; path = Images.xcassets; sourceTree = "<group>"; };
		88A50D1B24353DBA00048732 /* PrimaryButton.swift */ = {isa = PBXFileReference; fileEncoding = 4; lastKnownFileType = sourcecode.swift; path = PrimaryButton.swift; sourceTree = "<group>"; };
		88A50D1C24353DBA00048732 /* Button.swift */ = {isa = PBXFileReference; fileEncoding = 4; lastKnownFileType = sourcecode.swift; path = Button.swift; sourceTree = "<group>"; };
		88BF97E52427896C005D8C23 /* LoginStep1ViewController.swift */ = {isa = PBXFileReference; fileEncoding = 4; lastKnownFileType = sourcecode.swift; path = LoginStep1ViewController.swift; sourceTree = "<group>"; };
		88BF97E724278B16005D8C23 /* Icons.xcassets */ = {isa = PBXFileReference; lastKnownFileType = folder.assetcatalog; path = Icons.xcassets; sourceTree = "<group>"; };
		88BF97E924278ED2005D8C23 /* LoginStep2ViewController.swift */ = {isa = PBXFileReference; lastKnownFileType = sourcecode.swift; path = LoginStep2ViewController.swift; sourceTree = "<group>"; };
		88BF97EB24278EE4005D8C23 /* LoginStep3ViewController.swift */ = {isa = PBXFileReference; lastKnownFileType = sourcecode.swift; path = LoginStep3ViewController.swift; sourceTree = "<group>"; };
		88BF97F02427A578005D8C23 /* Colors.xcassets */ = {isa = PBXFileReference; lastKnownFileType = folder.assetcatalog; path = Colors.xcassets; sourceTree = "<group>"; };
		88BF97F22427A79D005D8C23 /* JobsTableViewController.swift */ = {isa = PBXFileReference; fileEncoding = 4; lastKnownFileType = sourcecode.swift; path = JobsTableViewController.swift; sourceTree = "<group>"; };
		88BF97F52427A875005D8C23 /* SimplePicker.swift */ = {isa = PBXFileReference; fileEncoding = 4; lastKnownFileType = sourcecode.swift; path = SimplePicker.swift; sourceTree = "<group>"; };
		88BF97F82427A89A005D8C23 /* Base */ = {isa = PBXFileReference; lastKnownFileType = file.storyboard; name = Base; path = Base.lproj/Other.storyboard; sourceTree = "<group>"; };
		88BF97FA2427AAFE005D8C23 /* Extensions.swift */ = {isa = PBXFileReference; lastKnownFileType = sourcecode.swift; path = Extensions.swift; sourceTree = "<group>"; };
		88BF97FC2427AE40005D8C23 /* area-codes.json */ = {isa = PBXFileReference; lastKnownFileType = text.json; path = "area-codes.json"; sourceTree = "<group>"; };
		88BF97FE2427AECA005D8C23 /* AreaCode.swift */ = {isa = PBXFileReference; lastKnownFileType = sourcecode.swift; path = AreaCode.swift; sourceTree = "<group>"; };
		88EA5649242762F50070B407 /* Machbarschaft.app */ = {isa = PBXFileReference; explicitFileType = wrapper.application; includeInIndex = 0; path = Machbarschaft.app; sourceTree = BUILT_PRODUCTS_DIR; };
		88EA564C242762F50070B407 /* AppDelegate.swift */ = {isa = PBXFileReference; lastKnownFileType = sourcecode.swift; path = AppDelegate.swift; sourceTree = "<group>"; };
		88EA564E242762F50070B407 /* SceneDelegate.swift */ = {isa = PBXFileReference; lastKnownFileType = sourcecode.swift; path = SceneDelegate.swift; sourceTree = "<group>"; };
		88EA5650242762F50070B407 /* MapViewController.swift */ = {isa = PBXFileReference; lastKnownFileType = sourcecode.swift; path = MapViewController.swift; sourceTree = "<group>"; };
		88EA5653242762F50070B407 /* Base */ = {isa = PBXFileReference; lastKnownFileType = file.storyboard; name = Base; path = Base.lproj/Main.storyboard; sourceTree = "<group>"; };
		88EA5655242762F60070B407 /* Assets.xcassets */ = {isa = PBXFileReference; lastKnownFileType = folder.assetcatalog; path = Assets.xcassets; sourceTree = "<group>"; };
		88EA5658242762F60070B407 /* Base */ = {isa = PBXFileReference; lastKnownFileType = file.storyboard; name = Base; path = Base.lproj/LaunchScreen.storyboard; sourceTree = "<group>"; };
		88EA565A242762F60070B407 /* Info.plist */ = {isa = PBXFileReference; lastKnownFileType = text.plist.xml; path = Info.plist; sourceTree = "<group>"; };
		88EA56612427640B0070B407 /* Base */ = {isa = PBXFileReference; lastKnownFileType = file.storyboard; name = Base; path = Base.lproj/Login.storyboard; sourceTree = "<group>"; };
		8A35D0A378E669E70D2447EA /* Pods_Machbarschaft.framework */ = {isa = PBXFileReference; explicitFileType = wrapper.framework; includeInIndex = 0; path = Pods_Machbarschaft.framework; sourceTree = BUILT_PRODUCTS_DIR; };
		D50096A2245DD2010083F224 /* LoginStep1PageViewController.swift */ = {isa = PBXFileReference; lastKnownFileType = sourcecode.swift; path = LoginStep1PageViewController.swift; sourceTree = "<group>"; };
		D503A40024657C1C0058690F /* LocationHelper.swift */ = {isa = PBXFileReference; lastKnownFileType = sourcecode.swift; path = LocationHelper.swift; sourceTree = "<group>"; };
		D559ED01245EC0ED00BE1F5D /* de */ = {isa = PBXFileReference; lastKnownFileType = text.plist.strings; name = de; path = de.lproj/Login.strings; sourceTree = "<group>"; };
		D5A375E024668AE90040428F /* LoadingView.swift */ = {isa = PBXFileReference; lastKnownFileType = sourcecode.swift; path = LoadingView.swift; sourceTree = "<group>"; };
		D5B9D56F245A958E005A00CE /* ConnectionHandler.swift */ = {isa = PBXFileReference; lastKnownFileType = sourcecode.swift; path = ConnectionHandler.swift; sourceTree = "<group>"; };
		D5B9D571245AA07A005A00CE /* NoConnectionView.swift */ = {isa = PBXFileReference; lastKnownFileType = sourcecode.swift; path = NoConnectionView.swift; sourceTree = "<group>"; };
		D5D7F0AB245EAC67002D3C53 /* PhoneNumberUtils.swift */ = {isa = PBXFileReference; lastKnownFileType = sourcecode.swift; path = PhoneNumberUtils.swift; sourceTree = "<group>"; };
		E1210C5124279E5300579C67 /* Job.swift */ = {isa = PBXFileReference; lastKnownFileType = sourcecode.swift; path = Job.swift; sourceTree = "<group>"; };
		E17D8A47BBA44B4F9D4BB153 /* Pods-Machbarschaft.debug.xcconfig */ = {isa = PBXFileReference; includeInIndex = 1; lastKnownFileType = text.xcconfig; name = "Pods-Machbarschaft.debug.xcconfig"; path = "Target Support Files/Pods-Machbarschaft/Pods-Machbarschaft.debug.xcconfig"; sourceTree = "<group>"; };
		E1B566FF2427D7DE008658D9 /* JobService.swift */ = {isa = PBXFileReference; fileEncoding = 4; lastKnownFileType = sourcecode.swift; path = JobService.swift; sourceTree = "<group>"; };
		E1D8831F2437C60D00AC3AD5 /* SuperViewController.swift */ = {isa = PBXFileReference; fileEncoding = 4; lastKnownFileType = sourcecode.swift; path = SuperViewController.swift; sourceTree = "<group>"; };
/* End PBXFileReference section */

/* Begin PBXFrameworksBuildPhase section */
		88EA5646242762F50070B407 /* Frameworks */ = {
			isa = PBXFrameworksBuildPhase;
			buildActionMask = 2147483647;
			files = (
				77E9FE2161563F52C9E27A16 /* Pods_Machbarschaft.framework in Frameworks */,
			);
			runOnlyForDeploymentPostprocessing = 0;
		};
/* End PBXFrameworksBuildPhase section */

/* Begin PBXGroup section */
		3018B912AF4EB2D53F0AF341 /* Pods */ = {
			isa = PBXGroup;
			children = (
				E17D8A47BBA44B4F9D4BB153 /* Pods-Machbarschaft.debug.xcconfig */,
				59FD68C167CB7CA1E349B433 /* Pods-Machbarschaft.release.xcconfig */,
			);
			path = Pods;
			sourceTree = "<group>";
		};
		88082CED24281BE500DFD022 /* Job Details */ = {
			isa = PBXGroup;
			children = (
				88082CEB24281B9300DFD022 /* JobSummaryViewController.swift */,
				88082CEE24281BF800DFD022 /* JobStep1ViewController.swift */,
				88082CF0242821D800DFD022 /* JobStep2ViewController.swift */,
				88082CF22428267F00DFD022 /* JobStep3ViewController.swift */,
				88082CF4242827E500DFD022 /* JobCompletedViewController.swift */,
			);
			path = "Job Details";
			sourceTree = "<group>";
		};
		88BF97ED24279CAF005D8C23 /* Login */ = {
			isa = PBXGroup;
			children = (
				E1D8831F2437C60D00AC3AD5 /* SuperViewController.swift */,
				88BF97E52427896C005D8C23 /* LoginStep1ViewController.swift */,
				88BF97E924278ED2005D8C23 /* LoginStep2ViewController.swift */,
				88BF97EB24278EE4005D8C23 /* LoginStep3ViewController.swift */,
				D50096A2245DD2010083F224 /* LoginStep1PageViewController.swift */,
			);
			path = Login;
			sourceTree = "<group>";
		};
		88EA5640242762F50070B407 = {
			isa = PBXGroup;
			children = (
				88EA564B242762F50070B407 /* Machbarschaft */,
				88EA564A242762F50070B407 /* Products */,
				3018B912AF4EB2D53F0AF341 /* Pods */,
				B04239788DAB9BF272021DDD /* Frameworks */,
			);
			sourceTree = "<group>";
		};
		88EA564A242762F50070B407 /* Products */ = {
			isa = PBXGroup;
			children = (
				88EA5649242762F50070B407 /* Machbarschaft.app */,
			);
			name = Products;
			sourceTree = "<group>";
		};
		88EA564B242762F50070B407 /* Machbarschaft */ = {
			isa = PBXGroup;
			children = (
				77DF8F24245638440092E127 /* Localizable.strings */,
				88EA564C242762F50070B407 /* AppDelegate.swift */,
				88EA564E242762F50070B407 /* SceneDelegate.swift */,
				88EA56642427641D0070B407 /* Storyboards */,
				88EA5663242764150070B407 /* View Controllers */,
				E18DF0432437C14500336409 /* Views */,
				E1210C5024279E2E00579C67 /* Model */,
				E18DF0442437C26500336409 /* Utilities */,
				88EA56652427642C0070B407 /* Resources */,
			);
			path = Machbarschaft;
			sourceTree = "<group>";
		};
		88EA5663242764150070B407 /* View Controllers */ = {
			isa = PBXGroup;
			children = (
				88BF97ED24279CAF005D8C23 /* Login */,
				E1D8831E2437C57C00AC3AD5 /* Job Selection */,
				88082CED24281BE500DFD022 /* Job Details */,
			);
			path = "View Controllers";
			sourceTree = "<group>";
		};
		88EA56642427641D0070B407 /* Storyboards */ = {
			isa = PBXGroup;
			children = (
				88EA5657242762F60070B407 /* LaunchScreen.storyboard */,
				88EA5652242762F50070B407 /* Main.storyboard */,
				88EA56602427640B0070B407 /* Login.storyboard */,
				88BF97F72427A89A005D8C23 /* Other.storyboard */,
			);
			path = Storyboards;
			sourceTree = "<group>";
		};
		88EA56652427642C0070B407 /* Resources */ = {
			isa = PBXGroup;
			children = (
				88EA5655242762F60070B407 /* Assets.xcassets */,
				88BF97F02427A578005D8C23 /* Colors.xcassets */,
				88BF97E724278B16005D8C23 /* Icons.xcassets */,
				88A50D1924353A5300048732 /* Images.xcassets */,
				88EA565A242762F60070B407 /* Info.plist */,
				616BE9E4242771AD00F59B41 /* GoogleService-Info.plist */,
				88BF97FC2427AE40005D8C23 /* area-codes.json */,
			);
			path = Resources;
			sourceTree = "<group>";
		};
		B04239788DAB9BF272021DDD /* Frameworks */ = {
			isa = PBXGroup;
			children = (
				8A35D0A378E669E70D2447EA /* Pods_Machbarschaft.framework */,
			);
			name = Frameworks;
			sourceTree = "<group>";
		};
		E1210C5024279E2E00579C67 /* Model */ = {
			isa = PBXGroup;
			children = (
				E18DF0412437BFDD00336409 /* Services */,
				E1210C5124279E5300579C67 /* Job.swift */,
				616BE9FB2427E32600F59B41 /* User.swift */,
				88BF97FE2427AECA005D8C23 /* AreaCode.swift */,
			);
			path = Model;
			sourceTree = "<group>";
		};
		E18DF0412437BFDD00336409 /* Services */ = {
			isa = PBXGroup;
			children = (
				E1B566FF2427D7DE008658D9 /* JobService.swift */,
				616BE9F92427B7CB00F59B41 /* AccountService.swift */,
			);
			path = Services;
			sourceTree = "<group>";
		};
		E18DF0432437C14500336409 /* Views */ = {
			isa = PBXGroup;
			children = (
				88A50D1C24353DBA00048732 /* Button.swift */,
				88A50D1B24353DBA00048732 /* PrimaryButton.swift */,
				88BF97F52427A875005D8C23 /* SimplePicker.swift */,
				D5B9D571245AA07A005A00CE /* NoConnectionView.swift */,
				D5A375E024668AE90040428F /* LoadingView.swift */,
			);
			path = Views;
			sourceTree = "<group>";
		};
		E18DF0442437C26500336409 /* Utilities */ = {
			isa = PBXGroup;
			children = (
				88BF97FA2427AAFE005D8C23 /* Extensions.swift */,
				176EAB642427B55B005217CA /* GeoFunctions.swift */,
				6153C60C242B7E020082CE9B /* Errors.swift */,
				D5B9D56F245A958E005A00CE /* ConnectionHandler.swift */,
				D5D7F0AB245EAC67002D3C53 /* PhoneNumberUtils.swift */,
				D503A40024657C1C0058690F /* LocationHelper.swift */,
			);
			path = Utilities;
			sourceTree = "<group>";
		};
		E1D8831E2437C57C00AC3AD5 /* Job Selection */ = {
			isa = PBXGroup;
			children = (
				88082CE92427C70E00DFD022 /* MainViewController.swift */,
				88EA5650242762F50070B407 /* MapViewController.swift */,
				88BF97F22427A79D005D8C23 /* JobsTableViewController.swift */,
			);
			path = "Job Selection";
			sourceTree = "<group>";
		};
/* End PBXGroup section */

/* Begin PBXNativeTarget section */
		88EA5648242762F50070B407 /* Machbarschaft */ = {
			isa = PBXNativeTarget;
			buildConfigurationList = 88EA565D242762F60070B407 /* Build configuration list for PBXNativeTarget "Machbarschaft" */;
			buildPhases = (
				B97A3AC26ECF97094E7086FC /* [CP] Check Pods Manifest.lock */,
				88EA5645242762F50070B407 /* Sources */,
				88EA5646242762F50070B407 /* Frameworks */,
				88EA5647242762F50070B407 /* Resources */,
				D558AE842459E6B7005B97B6 /* SwiftLint */,
				CD6A727818915CE92636A234 /* [CP] Embed Pods Frameworks */,
			);
			buildRules = (
			);
			dependencies = (
			);
			name = Machbarschaft;
			productName = Machbarschaft;
			productReference = 88EA5649242762F50070B407 /* Machbarschaft.app */;
			productType = "com.apple.product-type.application";
		};
/* End PBXNativeTarget section */

/* Begin PBXProject section */
		88EA5641242762F50070B407 /* Project object */ = {
			isa = PBXProject;
			attributes = {
				LastSwiftUpdateCheck = 1130;
				LastUpgradeCheck = 1130;
				ORGANIZATIONNAME = "Linus Geffarth";
				TargetAttributes = {
					88EA5648242762F50070B407 = {
						CreatedOnToolsVersion = 11.3.1;
					};
				};
			};
			buildConfigurationList = 88EA5644242762F50070B407 /* Build configuration list for PBXProject "Machbarschaft" */;
			compatibilityVersion = "Xcode 9.3";
			developmentRegion = de;
			hasScannedForEncodings = 0;
			knownRegions = (
				de,
				Base,
				en,
			);
			mainGroup = 88EA5640242762F50070B407;
			productRefGroup = 88EA564A242762F50070B407 /* Products */;
			projectDirPath = "";
			projectRoot = "";
			targets = (
				88EA5648242762F50070B407 /* Machbarschaft */,
			);
		};
/* End PBXProject section */

/* Begin PBXResourcesBuildPhase section */
		88EA5647242762F50070B407 /* Resources */ = {
			isa = PBXResourcesBuildPhase;
			buildActionMask = 2147483647;
			files = (
				88EA56622427640B0070B407 /* Login.storyboard in Resources */,
				88A50D1A24353A5300048732 /* Images.xcassets in Resources */,
				77DF8F22245638440092E127 /* Localizable.strings in Resources */,
				88BF97F92427A89A005D8C23 /* Other.storyboard in Resources */,
				88EA5659242762F60070B407 /* LaunchScreen.storyboard in Resources */,
				88BF97FD2427AE40005D8C23 /* area-codes.json in Resources */,
				616BE9E5242771AD00F59B41 /* GoogleService-Info.plist in Resources */,
				88EA5656242762F60070B407 /* Assets.xcassets in Resources */,
				88BF97E824278B16005D8C23 /* Icons.xcassets in Resources */,
				88EA5654242762F50070B407 /* Main.storyboard in Resources */,
				88BF97F12427A578005D8C23 /* Colors.xcassets in Resources */,
			);
			runOnlyForDeploymentPostprocessing = 0;
		};
/* End PBXResourcesBuildPhase section */

/* Begin PBXShellScriptBuildPhase section */
		B97A3AC26ECF97094E7086FC /* [CP] Check Pods Manifest.lock */ = {
			isa = PBXShellScriptBuildPhase;
			buildActionMask = 2147483647;
			files = (
			);
			inputFileListPaths = (
			);
			inputPaths = (
				"${PODS_PODFILE_DIR_PATH}/Podfile.lock",
				"${PODS_ROOT}/Manifest.lock",
			);
			name = "[CP] Check Pods Manifest.lock";
			outputFileListPaths = (
			);
			outputPaths = (
				"$(DERIVED_FILE_DIR)/Pods-Machbarschaft-checkManifestLockResult.txt",
			);
			runOnlyForDeploymentPostprocessing = 0;
			shellPath = /bin/sh;
			shellScript = "diff \"${PODS_PODFILE_DIR_PATH}/Podfile.lock\" \"${PODS_ROOT}/Manifest.lock\" > /dev/null\nif [ $? != 0 ] ; then\n    # print error to STDERR\n    echo \"error: The sandbox is not in sync with the Podfile.lock. Run 'pod install' or update your CocoaPods installation.\" >&2\n    exit 1\nfi\n# This output is used by Xcode 'outputs' to avoid re-running this script phase.\necho \"SUCCESS\" > \"${SCRIPT_OUTPUT_FILE_0}\"\n";
			showEnvVarsInLog = 0;
		};
		CD6A727818915CE92636A234 /* [CP] Embed Pods Frameworks */ = {
			isa = PBXShellScriptBuildPhase;
			buildActionMask = 2147483647;
			files = (
			);
			inputFileListPaths = (
				"${PODS_ROOT}/Target Support Files/Pods-Machbarschaft/Pods-Machbarschaft-frameworks-${CONFIGURATION}-input-files.xcfilelist",
			);
			name = "[CP] Embed Pods Frameworks";
			outputFileListPaths = (
				"${PODS_ROOT}/Target Support Files/Pods-Machbarschaft/Pods-Machbarschaft-frameworks-${CONFIGURATION}-output-files.xcfilelist",
			);
			runOnlyForDeploymentPostprocessing = 0;
			shellPath = /bin/sh;
			shellScript = "\"${PODS_ROOT}/Target Support Files/Pods-Machbarschaft/Pods-Machbarschaft-frameworks.sh\"\n";
			showEnvVarsInLog = 0;
		};
		D558AE842459E6B7005B97B6 /* SwiftLint */ = {
			isa = PBXShellScriptBuildPhase;
			buildActionMask = 2147483647;
			files = (
			);
			inputFileListPaths = (
			);
			inputPaths = (
			);
			name = SwiftLint;
			outputFileListPaths = (
			);
			outputPaths = (
			);
			runOnlyForDeploymentPostprocessing = 0;
			shellPath = /bin/sh;
			shellScript = "\"${PODS_ROOT}/SwiftLint/swiftlint\"\n";
		};
/* End PBXShellScriptBuildPhase section */

/* Begin PBXSourcesBuildPhase section */
		88EA5645242762F50070B407 /* Sources */ = {
			isa = PBXSourcesBuildPhase;
			buildActionMask = 2147483647;
			files = (
				88BF97EA24278ED2005D8C23 /* LoginStep2ViewController.swift in Sources */,
				88082CF1242821D800DFD022 /* JobStep2ViewController.swift in Sources */,
				88082CF5242827E500DFD022 /* JobCompletedViewController.swift in Sources */,
				6153C60D242B7E020082CE9B /* Errors.swift in Sources */,
				88EA5651242762F50070B407 /* MapViewController.swift in Sources */,
				D5A375E124668AE90040428F /* LoadingView.swift in Sources */,
				88082CF32428267F00DFD022 /* JobStep3ViewController.swift in Sources */,
				88BF97EC24278EE4005D8C23 /* LoginStep3ViewController.swift in Sources */,
				616BE9FA2427B7CB00F59B41 /* AccountService.swift in Sources */,
				D5B9D570245A958E005A00CE /* ConnectionHandler.swift in Sources */,
				88082CEC24281B9300DFD022 /* JobSummaryViewController.swift in Sources */,
				88EA564D242762F50070B407 /* AppDelegate.swift in Sources */,
				88A50D1E24353DBA00048732 /* Button.swift in Sources */,
				D503A40124657C1C0058690F /* LocationHelper.swift in Sources */,
				616BE9FC2427E32600F59B41 /* User.swift in Sources */,
				D5B9D572245AA07A005A00CE /* NoConnectionView.swift in Sources */,
				88A50D1D24353DBA00048732 /* PrimaryButton.swift in Sources */,
				88BF97E62427896C005D8C23 /* LoginStep1ViewController.swift in Sources */,
				E1D883202437C60D00AC3AD5 /* SuperViewController.swift in Sources */,
				176EAB652427B55B005217CA /* GeoFunctions.swift in Sources */,
				88BF97F62427A875005D8C23 /* SimplePicker.swift in Sources */,
				88082CEA2427C70E00DFD022 /* MainViewController.swift in Sources */,
				E1210C5224279E5300579C67 /* Job.swift in Sources */,
				88BF97F32427A79D005D8C23 /* JobsTableViewController.swift in Sources */,
				88082CEF24281BF800DFD022 /* JobStep1ViewController.swift in Sources */,
				88EA564F242762F50070B407 /* SceneDelegate.swift in Sources */,
				88BF97FF2427AECA005D8C23 /* AreaCode.swift in Sources */,
				D5D7F0AC245EAC67002D3C53 /* PhoneNumberUtils.swift in Sources */,
				88BF97FB2427AAFE005D8C23 /* Extensions.swift in Sources */,
				D50096A3245DD2010083F224 /* LoginStep1PageViewController.swift in Sources */,
				E1B567002427D7DE008658D9 /* JobService.swift in Sources */,
				88BF97EF24279D0D005D8C23 /* (null) in Sources */,
			);
			runOnlyForDeploymentPostprocessing = 0;
		};
/* End PBXSourcesBuildPhase section */

/* Begin PBXVariantGroup section */
		77DF8F24245638440092E127 /* Localizable.strings */ = {
			isa = PBXVariantGroup;
			children = (
				77DF8F23245638440092E127 /* de */,
				77DF8F2524563DD40092E127 /* en */,
			);
			name = Localizable.strings;
			sourceTree = "<group>";
		};
		88BF97F72427A89A005D8C23 /* Other.storyboard */ = {
			isa = PBXVariantGroup;
			children = (
				88BF97F82427A89A005D8C23 /* Base */,
				77DF8F1F24562DD90092E127 /* en */,
			);
			name = Other.storyboard;
			sourceTree = "<group>";
		};
		88EA5652242762F50070B407 /* Main.storyboard */ = {
			isa = PBXVariantGroup;
			children = (
				88EA5653242762F50070B407 /* Base */,
				77DF8F1D24562DD70092E127 /* en */,
			);
			name = Main.storyboard;
			sourceTree = "<group>";
		};
		88EA5657242762F60070B407 /* LaunchScreen.storyboard */ = {
			isa = PBXVariantGroup;
			children = (
				88EA5658242762F60070B407 /* Base */,
				77DF8F1C24562DD70092E127 /* en */,
			);
			name = LaunchScreen.storyboard;
			sourceTree = "<group>";
		};
		88EA56602427640B0070B407 /* Login.storyboard */ = {
			isa = PBXVariantGroup;
			children = (
				88EA56612427640B0070B407 /* Base */,
				77DF8F2724564ED10092E127 /* en */,
				D559ED01245EC0ED00BE1F5D /* de */,
			);
			name = Login.storyboard;
			sourceTree = "<group>";
		};
/* End PBXVariantGroup section */

/* Begin XCBuildConfiguration section */
		88EA565B242762F60070B407 /* Debug */ = {
			isa = XCBuildConfiguration;
			buildSettings = {
				ALWAYS_SEARCH_USER_PATHS = NO;
				CLANG_ANALYZER_LOCALIZABILITY_NONLOCALIZED = YES;
				CLANG_ANALYZER_NONNULL = YES;
				CLANG_ANALYZER_NUMBER_OBJECT_CONVERSION = YES_AGGRESSIVE;
				CLANG_CXX_LANGUAGE_STANDARD = "gnu++14";
				CLANG_CXX_LIBRARY = "libc++";
				CLANG_ENABLE_MODULES = YES;
				CLANG_ENABLE_OBJC_ARC = YES;
				CLANG_ENABLE_OBJC_WEAK = YES;
				CLANG_WARN_BLOCK_CAPTURE_AUTORELEASING = YES;
				CLANG_WARN_BOOL_CONVERSION = YES;
				CLANG_WARN_COMMA = YES;
				CLANG_WARN_CONSTANT_CONVERSION = YES;
				CLANG_WARN_DEPRECATED_OBJC_IMPLEMENTATIONS = YES;
				CLANG_WARN_DIRECT_OBJC_ISA_USAGE = YES_ERROR;
				CLANG_WARN_DOCUMENTATION_COMMENTS = YES;
				CLANG_WARN_EMPTY_BODY = YES;
				CLANG_WARN_ENUM_CONVERSION = YES;
				CLANG_WARN_INFINITE_RECURSION = YES;
				CLANG_WARN_INT_CONVERSION = YES;
				CLANG_WARN_NON_LITERAL_NULL_CONVERSION = YES;
				CLANG_WARN_OBJC_IMPLICIT_RETAIN_SELF = YES;
				CLANG_WARN_OBJC_LITERAL_CONVERSION = YES;
				CLANG_WARN_OBJC_ROOT_CLASS = YES_ERROR;
				CLANG_WARN_RANGE_LOOP_ANALYSIS = YES;
				CLANG_WARN_STRICT_PROTOTYPES = YES;
				CLANG_WARN_SUSPICIOUS_MOVE = YES;
				CLANG_WARN_UNGUARDED_AVAILABILITY = YES_AGGRESSIVE;
				CLANG_WARN_UNREACHABLE_CODE = YES;
				CLANG_WARN__DUPLICATE_METHOD_MATCH = YES;
				COPY_PHASE_STRIP = NO;
				DEBUG_INFORMATION_FORMAT = dwarf;
				ENABLE_STRICT_OBJC_MSGSEND = YES;
				ENABLE_TESTABILITY = YES;
				GCC_C_LANGUAGE_STANDARD = gnu11;
				GCC_DYNAMIC_NO_PIC = NO;
				GCC_NO_COMMON_BLOCKS = YES;
				GCC_OPTIMIZATION_LEVEL = 0;
				GCC_PREPROCESSOR_DEFINITIONS = (
					"DEBUG=1",
					"$(inherited)",
				);
				GCC_WARN_64_TO_32_BIT_CONVERSION = YES;
				GCC_WARN_ABOUT_RETURN_TYPE = YES_ERROR;
				GCC_WARN_UNDECLARED_SELECTOR = YES;
				GCC_WARN_UNINITIALIZED_AUTOS = YES_AGGRESSIVE;
				GCC_WARN_UNUSED_FUNCTION = YES;
				GCC_WARN_UNUSED_VARIABLE = YES;
				IPHONEOS_DEPLOYMENT_TARGET = 11.0;
				MTL_ENABLE_DEBUG_INFO = INCLUDE_SOURCE;
				MTL_FAST_MATH = YES;
				ONLY_ACTIVE_ARCH = YES;
				SDKROOT = iphoneos;
				SWIFT_ACTIVE_COMPILATION_CONDITIONS = DEBUG;
				SWIFT_OPTIMIZATION_LEVEL = "-Onone";
			};
			name = Debug;
		};
		88EA565C242762F60070B407 /* Release */ = {
			isa = XCBuildConfiguration;
			buildSettings = {
				ALWAYS_SEARCH_USER_PATHS = NO;
				CLANG_ANALYZER_LOCALIZABILITY_NONLOCALIZED = YES;
				CLANG_ANALYZER_NONNULL = YES;
				CLANG_ANALYZER_NUMBER_OBJECT_CONVERSION = YES_AGGRESSIVE;
				CLANG_CXX_LANGUAGE_STANDARD = "gnu++14";
				CLANG_CXX_LIBRARY = "libc++";
				CLANG_ENABLE_MODULES = YES;
				CLANG_ENABLE_OBJC_ARC = YES;
				CLANG_ENABLE_OBJC_WEAK = YES;
				CLANG_WARN_BLOCK_CAPTURE_AUTORELEASING = YES;
				CLANG_WARN_BOOL_CONVERSION = YES;
				CLANG_WARN_COMMA = YES;
				CLANG_WARN_CONSTANT_CONVERSION = YES;
				CLANG_WARN_DEPRECATED_OBJC_IMPLEMENTATIONS = YES;
				CLANG_WARN_DIRECT_OBJC_ISA_USAGE = YES_ERROR;
				CLANG_WARN_DOCUMENTATION_COMMENTS = YES;
				CLANG_WARN_EMPTY_BODY = YES;
				CLANG_WARN_ENUM_CONVERSION = YES;
				CLANG_WARN_INFINITE_RECURSION = YES;
				CLANG_WARN_INT_CONVERSION = YES;
				CLANG_WARN_NON_LITERAL_NULL_CONVERSION = YES;
				CLANG_WARN_OBJC_IMPLICIT_RETAIN_SELF = YES;
				CLANG_WARN_OBJC_LITERAL_CONVERSION = YES;
				CLANG_WARN_OBJC_ROOT_CLASS = YES_ERROR;
				CLANG_WARN_RANGE_LOOP_ANALYSIS = YES;
				CLANG_WARN_STRICT_PROTOTYPES = YES;
				CLANG_WARN_SUSPICIOUS_MOVE = YES;
				CLANG_WARN_UNGUARDED_AVAILABILITY = YES_AGGRESSIVE;
				CLANG_WARN_UNREACHABLE_CODE = YES;
				CLANG_WARN__DUPLICATE_METHOD_MATCH = YES;
				COPY_PHASE_STRIP = NO;
				DEBUG_INFORMATION_FORMAT = "dwarf-with-dsym";
				ENABLE_NS_ASSERTIONS = NO;
				ENABLE_STRICT_OBJC_MSGSEND = YES;
				GCC_C_LANGUAGE_STANDARD = gnu11;
				GCC_NO_COMMON_BLOCKS = YES;
				GCC_WARN_64_TO_32_BIT_CONVERSION = YES;
				GCC_WARN_ABOUT_RETURN_TYPE = YES_ERROR;
				GCC_WARN_UNDECLARED_SELECTOR = YES;
				GCC_WARN_UNINITIALIZED_AUTOS = YES_AGGRESSIVE;
				GCC_WARN_UNUSED_FUNCTION = YES;
				GCC_WARN_UNUSED_VARIABLE = YES;
				IPHONEOS_DEPLOYMENT_TARGET = 11.0;
				MTL_ENABLE_DEBUG_INFO = NO;
				MTL_FAST_MATH = YES;
				SDKROOT = iphoneos;
				SWIFT_COMPILATION_MODE = wholemodule;
				SWIFT_OPTIMIZATION_LEVEL = "-O";
				VALIDATE_PRODUCT = YES;
			};
			name = Release;
		};
		88EA565E242762F60070B407 /* Debug */ = {
			isa = XCBuildConfiguration;
			baseConfigurationReference = E17D8A47BBA44B4F9D4BB153 /* Pods-Machbarschaft.debug.xcconfig */;
			buildSettings = {
				ASSETCATALOG_COMPILER_APPICON_NAME = AppIcon;
				CODE_SIGN_IDENTITY = "Apple Development";
				CODE_SIGN_STYLE = Automatic;
				DEVELOPMENT_TEAM = "";
				INFOPLIST_FILE = "$(SRCROOT)/Machbarschaft/Resources/Info.plist";
				IPHONEOS_DEPLOYMENT_TARGET = 13.0;
				LD_RUNPATH_SEARCH_PATHS = (
					"$(inherited)",
					"@executable_path/Frameworks",
				);
				PRODUCT_BUNDLE_IDENTIFIER = "de.machbarschaft-ios.Machbarschaft";
				PRODUCT_NAME = "$(TARGET_NAME)";
				PROVISIONING_PROFILE_SPECIFIER = "";
				SWIFT_VERSION = 5.0;
				TARGETED_DEVICE_FAMILY = 1;
			};
			name = Debug;
		};
		88EA565F242762F60070B407 /* Release */ = {
			isa = XCBuildConfiguration;
			baseConfigurationReference = 59FD68C167CB7CA1E349B433 /* Pods-Machbarschaft.release.xcconfig */;
			buildSettings = {
				ASSETCATALOG_COMPILER_APPICON_NAME = AppIcon;
				CODE_SIGN_IDENTITY = "Apple Development";
				CODE_SIGN_STYLE = Automatic;
				DEVELOPMENT_TEAM = "";
				INFOPLIST_FILE = "$(SRCROOT)/Machbarschaft/Resources/Info.plist";
				IPHONEOS_DEPLOYMENT_TARGET = 13.0;
				LD_RUNPATH_SEARCH_PATHS = (
					"$(inherited)",
					"@executable_path/Frameworks",
				);
				PRODUCT_BUNDLE_IDENTIFIER = "de.machbarschaft-ios.Machbarschaft";
				PRODUCT_NAME = "$(TARGET_NAME)";
				PROVISIONING_PROFILE_SPECIFIER = "";
				SWIFT_VERSION = 5.0;
				TARGETED_DEVICE_FAMILY = 1;
			};
			name = Release;
		};
/* End XCBuildConfiguration section */

/* Begin XCConfigurationList section */
		88EA5644242762F50070B407 /* Build configuration list for PBXProject "Machbarschaft" */ = {
			isa = XCConfigurationList;
			buildConfigurations = (
				88EA565B242762F60070B407 /* Debug */,
				88EA565C242762F60070B407 /* Release */,
			);
			defaultConfigurationIsVisible = 0;
			defaultConfigurationName = Release;
		};
		88EA565D242762F60070B407 /* Build configuration list for PBXNativeTarget "Machbarschaft" */ = {
			isa = XCConfigurationList;
			buildConfigurations = (
				88EA565E242762F60070B407 /* Debug */,
				88EA565F242762F60070B407 /* Release */,
			);
			defaultConfigurationIsVisible = 0;
			defaultConfigurationName = Release;
		};
/* End XCConfigurationList section */
	};
	rootObject = 88EA5641242762F50070B407 /* Project object */;
}
